
Microsoft Visual Studio Solution File, Format Version 12.00
# Visual Studio Version 17
VisualStudioVersion = 17.6.33815.320
MinimumVisualStudioVersion = 10.0.40219.1
Project("{FAE04EC0-301F-11D3-BF4B-00C04F79EFBC}") = "Calculadora", "Calculadora\Calculadora.csproj", "{855B4E7C-2F1A-4595-B7A1-8D1AFE6D6688}"
EndProject
Global
	GlobalSection(SolutionConfigurationPlatforms) = preSolution
		Debug|Any CPU = Debug|Any CPU
		Release|Any CPU = Release|Any CPU
	EndGlobalSection
	GlobalSection(ProjectConfigurationPlatforms) = postSolution
		{855B4E7C-2F1A-4595-B7A1-8D1AFE6D6688}.Debug|Any CPU.ActiveCfg = Debug|Any CPU
		{855B4E7C-2F1A-4595-B7A1-8D1AFE6D6688}.Debug|Any CPU.Build.0 = Debug|Any CPU
		{855B4E7C-2F1A-4595-B7A1-8D1AFE6D6688}.Release|Any CPU.ActiveCfg = Release|Any CPU
		{855B4E7C-2F1A-4595-B7A1-8D1AFE6D6688}.Release|Any CPU.Build.0 = Release|Any CPU
	EndGlobalSection
	GlobalSection(SolutionProperties) = preSolution
		HideSolutionNode = FALSE
	EndGlobalSection
	GlobalSection(ExtensibilityGlobals) = postSolution
		SolutionGuid = {561FCA88-579E-4466-9CCB-0FBFFD8506D5}
	EndGlobalSection
EndGlobal
